// !$*UTF8*$!
{
	archiveVersion = 1;
	classes = {
	};
	objectVersion = 56;
	objects = {

/* Begin PBXBuildFile section */
		6D3A5DC22B5B2CB000016193 /* gutssApp.swift in Sources */ = {isa = PBXBuildFile; fileRef = 6D3A5DC12B5B2CB000016193 /* gutssApp.swift */; };
		6D3A5DC42B5B2CB000016193 /* ContentView.swift in Sources */ = {isa = PBXBuildFile; fileRef = 6D3A5DC32B5B2CB000016193 /* ContentView.swift */; };
		6D3A5DC62B5B2CB000016193 /* Item.swift in Sources */ = {isa = PBXBuildFile; fileRef = 6D3A5DC52B5B2CB000016193 /* Item.swift */; };
		6D3A5DC82B5B2CB300016193 /* Assets.xcassets in Resources */ = {isa = PBXBuildFile; fileRef = 6D3A5DC72B5B2CB300016193 /* Assets.xcassets */; };
		6D3A5DCC2B5B2CB300016193 /* Preview Assets.xcassets in Resources */ = {isa = PBXBuildFile; fileRef = 6D3A5DCB2B5B2CB300016193 /* Preview Assets.xcassets */; };
		6D3A5DD62B5B2CB300016193 /* gutssTests.swift in Sources */ = {isa = PBXBuildFile; fileRef = 6D3A5DD52B5B2CB300016193 /* gutssTests.swift */; };
		6D3A5DE02B5B2CB300016193 /* gutssUITests.swift in Sources */ = {isa = PBXBuildFile; fileRef = 6D3A5DDF2B5B2CB300016193 /* gutssUITests.swift */; };
		6D3A5DE22B5B2CB300016193 /* gutssUITestsLaunchTests.swift in Sources */ = {isa = PBXBuildFile; fileRef = 6D3A5DE12B5B2CB300016193 /* gutssUITestsLaunchTests.swift */; };
/* End PBXBuildFile section */

/* Begin PBXContainerItemProxy section */
		6D3A5DD22B5B2CB300016193 /* PBXContainerItemProxy */ = {
			isa = PBXContainerItemProxy;
			containerPortal = 6D3A5DB62B5B2CB000016193 /* Project object */;
			proxyType = 1;
			remoteGlobalIDString = 6D3A5DBD2B5B2CB000016193;
			remoteInfo = gutss;
		};
		6D3A5DDC2B5B2CB300016193 /* PBXContainerItemProxy */ = {
			isa = PBXContainerItemProxy;
			containerPortal = 6D3A5DB62B5B2CB000016193 /* Project object */;
			proxyType = 1;
			remoteGlobalIDString = 6D3A5DBD2B5B2CB000016193;
			remoteInfo = gutss;
		};
/* End PBXContainerItemProxy section */

/* Begin PBXFileReference section */
		6D3A5DBE2B5B2CB000016193 /* gutss.app */ = {isa = PBXFileReference; explicitFileType = wrapper.application; includeInIndex = 0; path = gutss.app; sourceTree = BUILT_PRODUCTS_DIR; };
		6D3A5DC12B5B2CB000016193 /* gutssApp.swift */ = {isa = PBXFileReference; lastKnownFileType = sourcecode.swift; path = gutssApp.swift; sourceTree = "<group>"; };
		6D3A5DC32B5B2CB000016193 /* ContentView.swift */ = {isa = PBXFileReference; lastKnownFileType = sourcecode.swift; path = ContentView.swift; sourceTree = "<group>"; };
		6D3A5DC52B5B2CB000016193 /* Item.swift */ = {isa = PBXFileReference; lastKnownFileType = sourcecode.swift; path = Item.swift; sourceTree = "<group>"; };
		6D3A5DC72B5B2CB300016193 /* Assets.xcassets */ = {isa = PBXFileReference; lastKnownFileType = folder.assetcatalog; path = Assets.xcassets; sourceTree = "<group>"; };
		6D3A5DC92B5B2CB300016193 /* gutss.entitlements */ = {isa = PBXFileReference; lastKnownFileType = text.plist.entitlements; path = gutss.entitlements; sourceTree = "<group>"; };
		6D3A5DCB2B5B2CB300016193 /* Preview Assets.xcassets */ = {isa = PBXFileReference; lastKnownFileType = folder.assetcatalog; path = "Preview Assets.xcassets"; sourceTree = "<group>"; };
		6D3A5DD12B5B2CB300016193 /* gutssTests.xctest */ = {isa = PBXFileReference; explicitFileType = wrapper.cfbundle; includeInIndex = 0; path = gutssTests.xctest; sourceTree = BUILT_PRODUCTS_DIR; };
		6D3A5DD52B5B2CB300016193 /* gutssTests.swift */ = {isa = PBXFileReference; lastKnownFileType = sourcecode.swift; path = gutssTests.swift; sourceTree = "<group>"; };
		6D3A5DDB2B5B2CB300016193 /* gutssUITests.xctest */ = {isa = PBXFileReference; explicitFileType = wrapper.cfbundle; includeInIndex = 0; path = gutssUITests.xctest; sourceTree = BUILT_PRODUCTS_DIR; };
		6D3A5DDF2B5B2CB300016193 /* gutssUITests.swift */ = {isa = PBXFileReference; lastKnownFileType = sourcecode.swift; path = gutssUITests.swift; sourceTree = "<group>"; };
		6D3A5DE12B5B2CB300016193 /* gutssUITestsLaunchTests.swift */ = {isa = PBXFileReference; lastKnownFileType = sourcecode.swift; path = gutssUITestsLaunchTests.swift; sourceTree = "<group>"; };
/* End PBXFileReference section */

/* Begin PBXFrameworksBuildPhase section */
		6D3A5DBB2B5B2CB000016193 /* Frameworks */ = {
			isa = PBXFrameworksBuildPhase;
			buildActionMask = 2147483647;
			files = (
			);
			runOnlyForDeploymentPostprocessing = 0;
		};
		6D3A5DCE2B5B2CB300016193 /* Frameworks */ = {
			isa = PBXFrameworksBuildPhase;
			buildActionMask = 2147483647;
			files = (
			);
			runOnlyForDeploymentPostprocessing = 0;
		};
		6D3A5DD82B5B2CB300016193 /* Frameworks */ = {
			isa = PBXFrameworksBuildPhase;
			buildActionMask = 2147483647;
			files = (
			);
			runOnlyForDeploymentPostprocessing = 0;
		};
/* End PBXFrameworksBuildPhase section */

/* Begin PBXGroup section */
		6D3A5DB52B5B2CB000016193 = {
			isa = PBXGroup;
			children = (
				6D3A5DC02B5B2CB000016193 /* gutss */,
				6D3A5DD42B5B2CB300016193 /* gutssTests */,
				6D3A5DDE2B5B2CB300016193 /* gutssUITests */,
				6D3A5DBF2B5B2CB000016193 /* Products */,
			);
			sourceTree = "<group>";
		};
		6D3A5DBF2B5B2CB000016193 /* Products */ = {
			isa = PBXGroup;
			children = (
				6D3A5DBE2B5B2CB000016193 /* gutss.app */,
				6D3A5DD12B5B2CB300016193 /* gutssTests.xctest */,
				6D3A5DDB2B5B2CB300016193 /* gutssUITests.xctest */,
			);
			name = Products;
			sourceTree = "<group>";
		};
		6D3A5DC02B5B2CB000016193 /* gutss */ = {
			isa = PBXGroup;
			children = (
				6D3A5DC12B5B2CB000016193 /* gutssApp.swift */,
				6D3A5DC32B5B2CB000016193 /* ContentView.swift */,
				6D3A5DC52B5B2CB000016193 /* Item.swift */,
				6D3A5DC72B5B2CB300016193 /* Assets.xcassets */,
				6D3A5DC92B5B2CB300016193 /* gutss.entitlements */,
				6D3A5DCA2B5B2CB300016193 /* Preview Content */,
			);
			path = gutss;
			sourceTree = "<group>";
		};
		6D3A5DCA2B5B2CB300016193 /* Preview Content */ = {
			isa = PBXGroup;
			children = (
				6D3A5DCB2B5B2CB300016193 /* Preview Assets.xcassets */,
			);
			path = "Preview Content";
			sourceTree = "<group>";
		};
		6D3A5DD42B5B2CB300016193 /* gutssTests */ = {
			isa = PBXGroup;
			children = (
				6D3A5DD52B5B2CB300016193 /* gutssTests.swift */,
			);
			path = gutssTests;
			sourceTree = "<group>";
		};
		6D3A5DDE2B5B2CB300016193 /* gutssUITests */ = {
			isa = PBXGroup;
			children = (
				6D3A5DDF2B5B2CB300016193 /* gutssUITests.swift */,
				6D3A5DE12B5B2CB300016193 /* gutssUITestsLaunchTests.swift */,
			);
			path = gutssUITests;
			sourceTree = "<group>";
		};
/* End PBXGroup section */

/* Begin PBXNativeTarget section */
		6D3A5DBD2B5B2CB000016193 /* gutss */ = {
			isa = PBXNativeTarget;
			buildConfigurationList = 6D3A5DE52B5B2CB300016193 /* Build configuration list for PBXNativeTarget "gutss" */;
			buildPhases = (
				6D3A5DBA2B5B2CB000016193 /* Sources */,
				6D3A5DBB2B5B2CB000016193 /* Frameworks */,
				6D3A5DBC2B5B2CB000016193 /* Resources */,
			);
			buildRules = (
			);
			dependencies = (
			);
			name = gutss;
			productName = gutss;
			productReference = 6D3A5DBE2B5B2CB000016193 /* gutss.app */;
			productType = "com.apple.product-type.application";
		};
		6D3A5DD02B5B2CB300016193 /* gutssTests */ = {
			isa = PBXNativeTarget;
			buildConfigurationList = 6D3A5DE82B5B2CB300016193 /* Build configuration list for PBXNativeTarget "gutssTests" */;
			buildPhases = (
				6D3A5DCD2B5B2CB300016193 /* Sources */,
				6D3A5DCE2B5B2CB300016193 /* Frameworks */,
				6D3A5DCF2B5B2CB300016193 /* Resources */,
			);
			buildRules = (
			);
			dependencies = (
				6D3A5DD32B5B2CB300016193 /* PBXTargetDependency */,
			);
			name = gutssTests;
			productName = gutssTests;
			productReference = 6D3A5DD12B5B2CB300016193 /* gutssTests.xctest */;
			productType = "com.apple.product-type.bundle.unit-test";
		};
		6D3A5DDA2B5B2CB300016193 /* gutssUITests */ = {
			isa = PBXNativeTarget;
			buildConfigurationList = 6D3A5DEB2B5B2CB300016193 /* Build configuration list for PBXNativeTarget "gutssUITests" */;
			buildPhases = (
				6D3A5DD72B5B2CB300016193 /* Sources */,
				6D3A5DD82B5B2CB300016193 /* Frameworks */,
				6D3A5DD92B5B2CB300016193 /* Resources */,
			);
			buildRules = (
			);
			dependencies = (
				6D3A5DDD2B5B2CB300016193 /* PBXTargetDependency */,
			);
			name = gutssUITests;
			productName = gutssUITests;
			productReference = 6D3A5DDB2B5B2CB300016193 /* gutssUITests.xctest */;
			productType = "com.apple.product-type.bundle.ui-testing";
		};
/* End PBXNativeTarget section */

/* Begin PBXProject section */
		6D3A5DB62B5B2CB000016193 /* Project object */ = {
			isa = PBXProject;
			attributes = {
				BuildIndependentTargetsInParallel = 1;
				LastSwiftUpdateCheck = 1500;
				LastUpgradeCheck = 1500;
				TargetAttributes = {
					6D3A5DBD2B5B2CB000016193 = {
						CreatedOnToolsVersion = 15.0.1;
					};
					6D3A5DD02B5B2CB300016193 = {
						CreatedOnToolsVersion = 15.0.1;
						TestTargetID = 6D3A5DBD2B5B2CB000016193;
					};
					6D3A5DDA2B5B2CB300016193 = {
						CreatedOnToolsVersion = 15.0.1;
						TestTargetID = 6D3A5DBD2B5B2CB000016193;
					};
				};
			};
			buildConfigurationList = 6D3A5DB92B5B2CB000016193 /* Build configuration list for PBXProject "gutss" */;
			compatibilityVersion = "Xcode 14.0";
			developmentRegion = en;
			hasScannedForEncodings = 0;
			knownRegions = (
				en,
				Base,
			);
			mainGroup = 6D3A5DB52B5B2CB000016193;
			productRefGroup = 6D3A5DBF2B5B2CB000016193 /* Products */;
			projectDirPath = "";
			projectRoot = "";
			targets = (
				6D3A5DBD2B5B2CB000016193 /* gutss */,
				6D3A5DD02B5B2CB300016193 /* gutssTests */,
				6D3A5DDA2B5B2CB300016193 /* gutssUITests */,
			);
		};
/* End PBXProject section */

/* Begin PBXResourcesBuildPhase section */
		6D3A5DBC2B5B2CB000016193 /* Resources */ = {
			isa = PBXResourcesBuildPhase;
			buildActionMask = 2147483647;
			files = (
				6D3A5DCC2B5B2CB300016193 /* Preview Assets.xcassets in Resources */,
				6D3A5DC82B5B2CB300016193 /* Assets.xcassets in Resources */,
			);
			runOnlyForDeploymentPostprocessing = 0;
		};
		6D3A5DCF2B5B2CB300016193 /* Resources */ = {
			isa = PBXResourcesBuildPhase;
			buildActionMask = 2147483647;
			files = (
			);
			runOnlyForDeploymentPostprocessing = 0;
		};
		6D3A5DD92B5B2CB300016193 /* Resources */ = {
			isa = PBXResourcesBuildPhase;
			buildActionMask = 2147483647;
			files = (
			);
			runOnlyForDeploymentPostprocessing = 0;
		};
/* End PBXResourcesBuildPhase section */

/* Begin PBXSourcesBuildPhase section */
		6D3A5DBA2B5B2CB000016193 /* Sources */ = {
			isa = PBXSourcesBuildPhase;
			buildActionMask = 2147483647;
			files = (
				6D3A5DC42B5B2CB000016193 /* ContentView.swift in Sources */,
				6D3A5DC62B5B2CB000016193 /* Item.swift in Sources */,
				6D3A5DC22B5B2CB000016193 /* gutssApp.swift in Sources */,
			);
			runOnlyForDeploymentPostprocessing = 0;
		};
		6D3A5DCD2B5B2CB300016193 /* Sources */ = {
			isa = PBXSourcesBuildPhase;
			buildActionMask = 2147483647;
			files = (
				6D3A5DD62B5B2CB300016193 /* gutssTests.swift in Sources */,
			);
			runOnlyForDeploymentPostprocessing = 0;
		};
		6D3A5DD72B5B2CB300016193 /* Sources */ = {
			isa = PBXSourcesBuildPhase;
			buildActionMask = 2147483647;
			files = (
				6D3A5DE02B5B2CB300016193 /* gutssUITests.swift in Sources */,
				6D3A5DE22B5B2CB300016193 /* gutssUITestsLaunchTests.swift in Sources */,
			);
			runOnlyForDeploymentPostprocessing = 0;
		};
/* End PBXSourcesBuildPhase section */

/* Begin PBXTargetDependency section */
		6D3A5DD32B5B2CB300016193 /* PBXTargetDependency */ = {
			isa = PBXTargetDependency;
			target = 6D3A5DBD2B5B2CB000016193 /* gutss */;
			targetProxy = 6D3A5DD22B5B2CB300016193 /* PBXContainerItemProxy */;
		};
		6D3A5DDD2B5B2CB300016193 /* PBXTargetDependency */ = {
			isa = PBXTargetDependency;
			target = 6D3A5DBD2B5B2CB000016193 /* gutss */;
			targetProxy = 6D3A5DDC2B5B2CB300016193 /* PBXContainerItemProxy */;
		};
/* End PBXTargetDependency section */

/* Begin XCBuildConfiguration section */
		6D3A5DE32B5B2CB300016193 /* Debug */ = {
			isa = XCBuildConfiguration;
			buildSettings = {
				ALWAYS_SEARCH_USER_PATHS = NO;
				ASSETCATALOG_COMPILER_GENERATE_SWIFT_ASSET_SYMBOL_EXTENSIONS = YES;
				CLANG_ANALYZER_NONNULL = YES;
				CLANG_ANALYZER_NUMBER_OBJECT_CONVERSION = YES_AGGRESSIVE;
				CLANG_CXX_LANGUAGE_STANDARD = "gnu++20";
				CLANG_ENABLE_MODULES = YES;
				CLANG_ENABLE_OBJC_ARC = YES;
				CLANG_ENABLE_OBJC_WEAK = YES;
				CLANG_WARN_BLOCK_CAPTURE_AUTORELEASING = YES;
				CLANG_WARN_BOOL_CONVERSION = YES;
				CLANG_WARN_COMMA = YES;
				CLANG_WARN_CONSTANT_CONVERSION = YES;
				CLANG_WARN_DEPRECATED_OBJC_IMPLEMENTATIONS = YES;
				CLANG_WARN_DIRECT_OBJC_ISA_USAGE = YES_ERROR;
				CLANG_WARN_DOCUMENTATION_COMMENTS = YES;
				CLANG_WARN_EMPTY_BODY = YES;
				CLANG_WARN_ENUM_CONVERSION = YES;
				CLANG_WARN_INFINITE_RECURSION = YES;
				CLANG_WARN_INT_CONVERSION = YES;
				CLANG_WARN_NON_LITERAL_NULL_CONVERSION = YES;
				CLANG_WARN_OBJC_IMPLICIT_RETAIN_SELF = YES;
				CLANG_WARN_OBJC_LITERAL_CONVERSION = YES;
				CLANG_WARN_OBJC_ROOT_CLASS = YES_ERROR;
				CLANG_WARN_QUOTED_INCLUDE_IN_FRAMEWORK_HEADER = YES;
				CLANG_WARN_RANGE_LOOP_ANALYSIS = YES;
				CLANG_WARN_STRICT_PROTOTYPES = YES;
				CLANG_WARN_SUSPICIOUS_MOVE = YES;
				CLANG_WARN_UNGUARDED_AVAILABILITY = YES_AGGRESSIVE;
				CLANG_WARN_UNREACHABLE_CODE = YES;
				CLANG_WARN__DUPLICATE_METHOD_MATCH = YES;
				COPY_PHASE_STRIP = NO;
				DEBUG_INFORMATION_FORMAT = dwarf;
				ENABLE_STRICT_OBJC_MSGSEND = YES;
				ENABLE_TESTABILITY = YES;
				ENABLE_USER_SCRIPT_SANDBOXING = YES;
				GCC_C_LANGUAGE_STANDARD = gnu17;
				GCC_DYNAMIC_NO_PIC = NO;
				GCC_NO_COMMON_BLOCKS = YES;
				GCC_OPTIMIZATION_LEVEL = 0;
				GCC_PREPROCESSOR_DEFINITIONS = (
					"DEBUG=1",
					"$(inherited)",
				);
				GCC_WARN_64_TO_32_BIT_CONVERSION = YES;
				GCC_WARN_ABOUT_RETURN_TYPE = YES_ERROR;
				GCC_WARN_UNDECLARED_SELECTOR = YES;
				GCC_WARN_UNINITIALIZED_AUTOS = YES_AGGRESSIVE;
				GCC_WARN_UNUSED_FUNCTION = YES;
				GCC_WARN_UNUSED_VARIABLE = YES;
				LOCALIZATION_PREFERS_STRING_CATALOGS = YES;
				MTL_ENABLE_DEBUG_INFO = INCLUDE_SOURCE;
				MTL_FAST_MATH = YES;
				ONLY_ACTIVE_ARCH = YES;
				SWIFT_ACTIVE_COMPILATION_CONDITIONS = "DEBUG $(inherited)";
				SWIFT_OPTIMIZATION_LEVEL = "-Onone";
			};
			name = Debug;
		};
		6D3A5DE42B5B2CB300016193 /* Release */ = {
			isa = XCBuildConfiguration;
			buildSettings = {
				ALWAYS_SEARCH_USER_PATHS = NO;
				ASSETCATALOG_COMPILER_GENERATE_SWIFT_ASSET_SYMBOL_EXTENSIONS = YES;
				CLANG_ANALYZER_NONNULL = YES;
				CLANG_ANALYZER_NUMBER_OBJECT_CONVERSION = YES_AGGRESSIVE;
				CLANG_CXX_LANGUAGE_STANDARD = "gnu++20";
				CLANG_ENABLE_MODULES = YES;
				CLANG_ENABLE_OBJC_ARC = YES;
				CLANG_ENABLE_OBJC_WEAK = YES;
				CLANG_WARN_BLOCK_CAPTURE_AUTORELEASING = YES;
				CLANG_WARN_BOOL_CONVERSION = YES;
				CLANG_WARN_COMMA = YES;
				CLANG_WARN_CONSTANT_CONVERSION = YES;
				CLANG_WARN_DEPRECATED_OBJC_IMPLEMENTATIONS = YES;
				CLANG_WARN_DIRECT_OBJC_ISA_USAGE = YES_ERROR;
				CLANG_WARN_DOCUMENTATION_COMMENTS = YES;
				CLANG_WARN_EMPTY_BODY = YES;
				CLANG_WARN_ENUM_CONVERSION = YES;
				CLANG_WARN_INFINITE_RECURSION = YES;
				CLANG_WARN_INT_CONVERSION = YES;
				CLANG_WARN_NON_LITERAL_NULL_CONVERSION = YES;
				CLANG_WARN_OBJC_IMPLICIT_RETAIN_SELF = YES;
				CLANG_WARN_OBJC_LITERAL_CONVERSION = YES;
				CLANG_WARN_OBJC_ROOT_CLASS = YES_ERROR;
				CLANG_WARN_QUOTED_INCLUDE_IN_FRAMEWORK_HEADER = YES;
				CLANG_WARN_RANGE_LOOP_ANALYSIS = YES;
				CLANG_WARN_STRICT_PROTOTYPES = YES;
				CLANG_WARN_SUSPICIOUS_MOVE = YES;
				CLANG_WARN_UNGUARDED_AVAILABILITY = YES_AGGRESSIVE;
				CLANG_WARN_UNREACHABLE_CODE = YES;
				CLANG_WARN__DUPLICATE_METHOD_MATCH = YES;
				COPY_PHASE_STRIP = NO;
				DEBUG_INFORMATION_FORMAT = "dwarf-with-dsym";
				ENABLE_NS_ASSERTIONS = NO;
				ENABLE_STRICT_OBJC_MSGSEND = YES;
				ENABLE_USER_SCRIPT_SANDBOXING = YES;
				GCC_C_LANGUAGE_STANDARD = gnu17;
				GCC_NO_COMMON_BLOCKS = YES;
				GCC_WARN_64_TO_32_BIT_CONVERSION = YES;
				GCC_WARN_ABOUT_RETURN_TYPE = YES_ERROR;
				GCC_WARN_UNDECLARED_SELECTOR = YES;
				GCC_WARN_UNINITIALIZED_AUTOS = YES_AGGRESSIVE;
				GCC_WARN_UNUSED_FUNCTION = YES;
				GCC_WARN_UNUSED_VARIABLE = YES;
				LOCALIZATION_PREFERS_STRING_CATALOGS = YES;
				MTL_ENABLE_DEBUG_INFO = NO;
				MTL_FAST_MATH = YES;
				SWIFT_COMPILATION_MODE = wholemodule;
			};
			name = Release;
		};
		6D3A5DE62B5B2CB300016193 /* Debug */ = {
			isa = XCBuildConfiguration;
			buildSettings = {
				ASSETCATALOG_COMPILER_APPICON_NAME = AppIcon;
				ASSETCATALOG_COMPILER_GLOBAL_ACCENT_COLOR_NAME = AccentColor;
				CODE_SIGN_ENTITLEMENTS = gutss/gutss.entitlements;
				CODE_SIGN_STYLE = Automatic;
				CURRENT_PROJECT_VERSION = 1;
				DEVELOPMENT_ASSET_PATHS = "\"gutss/Preview Content\"";
				ENABLE_PREVIEWS = YES;
				GENERATE_INFOPLIST_FILE = YES;
				"INFOPLIST_KEY_UIApplicationSceneManifest_Generation[sdk=iphoneos*]" = YES;
				"INFOPLIST_KEY_UIApplicationSceneManifest_Generation[sdk=iphonesimulator*]" = YES;
				"INFOPLIST_KEY_UIApplicationSupportsIndirectInputEvents[sdk=iphoneos*]" = YES;
				"INFOPLIST_KEY_UIApplicationSupportsIndirectInputEvents[sdk=iphonesimulator*]" = YES;
				"INFOPLIST_KEY_UILaunchScreen_Generation[sdk=iphoneos*]" = YES;
				"INFOPLIST_KEY_UILaunchScreen_Generation[sdk=iphonesimulator*]" = YES;
				"INFOPLIST_KEY_UIStatusBarStyle[sdk=iphoneos*]" = UIStatusBarStyleDefault;
				"INFOPLIST_KEY_UIStatusBarStyle[sdk=iphonesimulator*]" = UIStatusBarStyleDefault;
				INFOPLIST_KEY_UISupportedInterfaceOrientations_iPad = "UIInterfaceOrientationPortrait UIInterfaceOrientationPortraitUpsideDown UIInterfaceOrientationLandscapeLeft UIInterfaceOrientationLandscapeRight";
				INFOPLIST_KEY_UISupportedInterfaceOrientations_iPhone = "UIInterfaceOrientationPortrait UIInterfaceOrientationLandscapeLeft UIInterfaceOrientationLandscapeRight";
				IPHONEOS_DEPLOYMENT_TARGET = 17.0;
				LD_RUNPATH_SEARCH_PATHS = "@executable_path/Frameworks";
				"LD_RUNPATH_SEARCH_PATHS[sdk=macosx*]" = "@executable_path/../Frameworks";
				MACOSX_DEPLOYMENT_TARGET = 14.0;
				MARKETING_VERSION = 1.0;
				PRODUCT_BUNDLE_IDENTIFIER = ufdatastudio.gutss;
				PRODUCT_NAME = "$(TARGET_NAME)";
				SDKROOT = auto;
				SUPPORTED_PLATFORMS = "iphoneos iphonesimulator macosx";
				SWIFT_EMIT_LOC_STRINGS = YES;
				SWIFT_VERSION = 5.0;
				TARGETED_DEVICE_FAMILY = "1,2";
			};
			name = Debug;
		};
		6D3A5DE72B5B2CB300016193 /* Release */ = {
			isa = XCBuildConfiguration;
			buildSettings = {
				ASSETCATALOG_COMPILER_APPICON_NAME = AppIcon;
				ASSETCATALOG_COMPILER_GLOBAL_ACCENT_COLOR_NAME = AccentColor;
				CODE_SIGN_ENTITLEMENTS = gutss/gutss.entitlements;
				CODE_SIGN_STYLE = Automatic;
				CURRENT_PROJECT_VERSION = 1;
				DEVELOPMENT_ASSET_PATHS = "\"gutss/Preview Content\"";
				ENABLE_PREVIEWS = YES;
				GENERATE_INFOPLIST_FILE = YES;
				"INFOPLIST_KEY_UIApplicationSceneManifest_Generation[sdk=iphoneos*]" = YES;
				"INFOPLIST_KEY_UIApplicationSceneManifest_Generation[sdk=iphonesimulator*]" = YES;
				"INFOPLIST_KEY_UIApplicationSupportsIndirectInputEvents[sdk=iphoneos*]" = YES;
				"INFOPLIST_KEY_UIApplicationSupportsIndirectInputEvents[sdk=iphonesimulator*]" = YES;
				"INFOPLIST_KEY_UILaunchScreen_Generation[sdk=iphoneos*]" = YES;
				"INFOPLIST_KEY_UILaunchScreen_Generation[sdk=iphonesimulator*]" = YES;
				"INFOPLIST_KEY_UIStatusBarStyle[sdk=iphoneos*]" = UIStatusBarStyleDefault;
				"INFOPLIST_KEY_UIStatusBarStyle[sdk=iphonesimulator*]" = UIStatusBarStyleDefault;
				INFOPLIST_KEY_UISupportedInterfaceOrientations_iPad = "UIInterfaceOrientationPortrait UIInterfaceOrientationPortraitUpsideDown UIInterfaceOrientationLandscapeLeft UIInterfaceOrientationLandscapeRight";
				INFOPLIST_KEY_UISupportedInterfaceOrientations_iPhone = "UIInterfaceOrientationPortrait UIInterfaceOrientationLandscapeLeft UIInterfaceOrientationLandscapeRight";
				IPHONEOS_DEPLOYMENT_TARGET = 17.0;
				LD_RUNPATH_SEARCH_PATHS = "@executable_path/Frameworks";
				"LD_RUNPATH_SEARCH_PATHS[sdk=macosx*]" = "@executable_path/../Frameworks";
				MACOSX_DEPLOYMENT_TARGET = 14.0;
				MARKETING_VERSION = 1.0;
				PRODUCT_BUNDLE_IDENTIFIER = ufdatastudio.gutss;
				PRODUCT_NAME = "$(TARGET_NAME)";
				SDKROOT = auto;
				SUPPORTED_PLATFORMS = "iphoneos iphonesimulator macosx";
				SWIFT_EMIT_LOC_STRINGS = YES;
				SWIFT_VERSION = 5.0;
				TARGETED_DEVICE_FAMILY = "1,2";
			};
			name = Release;
		};
		6D3A5DE92B5B2CB300016193 /* Debug */ = {
			isa = XCBuildConfiguration;
			buildSettings = {
				ALWAYS_EMBED_SWIFT_STANDARD_LIBRARIES = YES;
				BUNDLE_LOADER = "$(TEST_HOST)";
				CODE_SIGN_STYLE = Automatic;
				CURRENT_PROJECT_VERSION = 1;
				GENERATE_INFOPLIST_FILE = YES;
				IPHONEOS_DEPLOYMENT_TARGET = 17.0;
				MACOSX_DEPLOYMENT_TARGET = 14.0;
				MARKETING_VERSION = 1.0;
				PRODUCT_BUNDLE_IDENTIFIER = ufdatastudio.gutssTests;
				PRODUCT_NAME = "$(TARGET_NAME)";
				SDKROOT = auto;
				SUPPORTED_PLATFORMS = "iphoneos iphonesimulator macosx";
				SWIFT_EMIT_LOC_STRINGS = NO;
				SWIFT_VERSION = 5.0;
				TARGETED_DEVICE_FAMILY = "1,2";
				TEST_HOST = "$(BUILT_PRODUCTS_DIR)/gutss.app/$(BUNDLE_EXECUTABLE_FOLDER_PATH)/gutss";
			};
			name = Debug;
		};
		6D3A5DEA2B5B2CB300016193 /* Release */ = {
			isa = XCBuildConfiguration;
			buildSettings = {
				ALWAYS_EMBED_SWIFT_STANDARD_LIBRARIES = YES;
				BUNDLE_LOADER = "$(TEST_HOST)";
				CODE_SIGN_STYLE = Automatic;
				CURRENT_PROJECT_VERSION = 1;
				GENERATE_INFOPLIST_FILE = YES;
				IPHONEOS_DEPLOYMENT_TARGET = 17.0;
				MACOSX_DEPLOYMENT_TARGET = 14.0;
				MARKETING_VERSION = 1.0;
				PRODUCT_BUNDLE_IDENTIFIER = ufdatastudio.gutssTests;
				PRODUCT_NAME = "$(TARGET_NAME)";
				SDKROOT = auto;
				SUPPORTED_PLATFORMS = "iphoneos iphonesimulator macosx";
				SWIFT_EMIT_LOC_STRINGS = NO;
				SWIFT_VERSION = 5.0;
				TARGETED_DEVICE_FAMILY = "1,2";
				TEST_HOST = "$(BUILT_PRODUCTS_DIR)/gutss.app/$(BUNDLE_EXECUTABLE_FOLDER_PATH)/gutss";
			};
			name = Release;
		};
		6D3A5DEC2B5B2CB300016193 /* Debug */ = {
			isa = XCBuildConfiguration;
			buildSettings = {
				ALWAYS_EMBED_SWIFT_STANDARD_LIBRARIES = YES;
				CODE_SIGN_STYLE = Automatic;
				CURRENT_PROJECT_VERSION = 1;
				GENERATE_INFOPLIST_FILE = YES;
				IPHONEOS_DEPLOYMENT_TARGET = 17.0;
				MACOSX_DEPLOYMENT_TARGET = 14.0;
				MARKETING_VERSION = 1.0;
				PRODUCT_BUNDLE_IDENTIFIER = ufdatastudio.gutssUITests;
				PRODUCT_NAME = "$(TARGET_NAME)";
				SDKROOT = auto;
				SUPPORTED_PLATFORMS = "iphoneos iphonesimulator macosx";
				SWIFT_EMIT_LOC_STRINGS = NO;
				SWIFT_VERSION = 5.0;
				TARGETED_DEVICE_FAMILY = "1,2";
				TEST_TARGET_NAME = gutss;
			};
			name = Debug;
		};
		6D3A5DED2B5B2CB300016193 /* Release */ = {
			isa = XCBuildConfiguration;
			buildSettings = {
				ALWAYS_EMBED_SWIFT_STANDARD_LIBRARIES = YES;
				CODE_SIGN_STYLE = Automatic;
				CURRENT_PROJECT_VERSION = 1;
				GENERATE_INFOPLIST_FILE = YES;
				IPHONEOS_DEPLOYMENT_TARGET = 17.0;
				MACOSX_DEPLOYMENT_TARGET = 14.0;
				MARKETING_VERSION = 1.0;
				PRODUCT_BUNDLE_IDENTIFIER = ufdatastudio.gutssUITests;
				PRODUCT_NAME = "$(TARGET_NAME)";
				SDKROOT = auto;
				SUPPORTED_PLATFORMS = "iphoneos iphonesimulator macosx";
				SWIFT_EMIT_LOC_STRINGS = NO;
				SWIFT_VERSION = 5.0;
				TARGETED_DEVICE_FAMILY = "1,2";
				TEST_TARGET_NAME = gutss;
			};
			name = Release;
		};
/* End XCBuildConfiguration section */

/* Begin XCConfigurationList section */
		6D3A5DB92B5B2CB000016193 /* Build configuration list for PBXProject "gutss" */ = {
			isa = XCConfigurationList;
			buildConfigurations = (
				6D3A5DE32B5B2CB300016193 /* Debug */,
				6D3A5DE42B5B2CB300016193 /* Release */,
			);
			defaultConfigurationIsVisible = 0;
			defaultConfigurationName = Release;
		};
		6D3A5DE52B5B2CB300016193 /* Build configuration list for PBXNativeTarget "gutss" */ = {
			isa = XCConfigurationList;
			buildConfigurations = (
				6D3A5DE62B5B2CB300016193 /* Debug */,
				6D3A5DE72B5B2CB300016193 /* Release */,
			);
			defaultConfigurationIsVisible = 0;
			defaultConfigurationName = Release;
		};
		6D3A5DE82B5B2CB300016193 /* Build configuration list for PBXNativeTarget "gutssTests" */ = {
			isa = XCConfigurationList;
			buildConfigurations = (
				6D3A5DE92B5B2CB300016193 /* Debug */,
				6D3A5DEA2B5B2CB300016193 /* Release */,
			);
			defaultConfigurationIsVisible = 0;
			defaultConfigurationName = Release;
		};
		6D3A5DEB2B5B2CB300016193 /* Build configuration list for PBXNativeTarget "gutssUITests" */ = {
			isa = XCConfigurationList;
			buildConfigurations = (
				6D3A5DEC2B5B2CB300016193 /* Debug */,
				6D3A5DED2B5B2CB300016193 /* Release */,
			);
			defaultConfigurationIsVisible = 0;
			defaultConfigurationName = Release;
		};
/* End XCConfigurationList section */
	};
	rootObject = 6D3A5DB62B5B2CB000016193 /* Project object */;
}
